
Microsoft Visual Studio Solution File, Format Version 12.00
# Visual Studio Version 16
VisualStudioVersion = 16.0.31112.23
MinimumVisualStudioVersion = 10.0.40219.1
Project("{8BC9CEB8-8B4A-11D0-8D11-00A0C91BC942}") = "Queue", "Queue.vcxproj", "{3CA99089-9211-42DD-8636-356B0827F9EB}"
EndProject
Global
	GlobalSection(SolutionConfigurationPlatforms) = preSolution
		Debug|x64 = Debug|x64
		Debug|x86 = Debug|x86
		Release|x64 = Release|x64
		Release|x86 = Release|x86
	EndGlobalSection
	GlobalSection(ProjectConfigurationPlatforms) = postSolution
		{3CA99089-9211-42DD-8636-356B0827F9EB}.Debug|x64.ActiveCfg = Debug|x64
		{3CA99089-9211-42DD-8636-356B0827F9EB}.Debug|x64.Build.0 = Debug|x64
		{3CA99089-9211-42DD-8636-356B0827F9EB}.Debug|x86.ActiveCfg = Debug|Win32
		{3CA99089-9211-42DD-8636-356B0827F9EB}.Debug|x86.Build.0 = Debug|Win32
		{3CA99089-9211-42DD-8636-356B0827F9EB}.Release|x64.ActiveCfg = Release|x64
		{3CA99089-9211-42DD-8636-356B0827F9EB}.Release|x64.Build.0 = Release|x64
		{3CA99089-9211-42DD-8636-356B0827F9EB}.Release|x86.ActiveCfg = Release|Win32
		{3CA99089-9211-42DD-8636-356B0827F9EB}.Release|x86.Build.0 = Release|Win32
	EndGlobalSection
	GlobalSection(SolutionProperties) = preSolution
		HideSolutionNode = FALSE
	EndGlobalSection
	GlobalSection(ExtensibilityGlobals) = postSolution
		SolutionGuid = {799B7D81-79A6-4FA4-B6AB-43979D467BB5}
	EndGlobalSection
EndGlobal
